
Microsoft Visual Studio Solution File, Format Version 12.00
# Visual Studio Version 16
VisualStudioVersion = 16.0.29001.49
MinimumVisualStudioVersion = 10.0.40219.1
Project("{FAE04EC0-301F-11D3-BF4B-00C04F79EFBC}") = "StudentApplication", "StudentApplication.csproj", "{7CE14BA5-6400-45F8-9D83-ABC60A901E1D}"
EndProject
Global
	GlobalSection(SolutionConfigurationPlatforms) = preSolution
		Debug|Any CPU = Debug|Any CPU
		Release|Any CPU = Release|Any CPU
	EndGlobalSection
	GlobalSection(ProjectConfigurationPlatforms) = postSolution
		{7CE14BA5-6400-45F8-9D83-ABC60A901E1D}.Debug|Any CPU.ActiveCfg = Debug|Any CPU
		{7CE14BA5-6400-45F8-9D83-ABC60A901E1D}.Debug|Any CPU.Build.0 = Debug|Any CPU
		{7CE14BA5-6400-45F8-9D83-ABC60A901E1D}.Release|Any CPU.ActiveCfg = Release|Any CPU
		{7CE14BA5-6400-45F8-9D83-ABC60A901E1D}.Release|Any CPU.Build.0 = Release|Any CPU
	EndGlobalSection
	GlobalSection(SolutionProperties) = preSolution
		HideSolutionNode = FALSE
	EndGlobalSection
	GlobalSection(ExtensibilityGlobals) = postSolution
		SolutionGuid = {E5B7FB36-2C75-46E6-A836-7773C5E0838D}
	EndGlobalSection
EndGlobal
